// !$*UTF8*$!
{
	archiveVersion = 1;
	classes = {
	};
	objectVersion = 46;
	objects = {

/* Begin PBXBuildFile section */
		399A7EE7174B73E40006F6E5 /* AudioToolbox.framework in Frameworks */ = {isa = PBXBuildFile; fileRef = 399A7EE6174B73E40006F6E5 /* AudioToolbox.framework */; };
		399A7EE9174B73EF0006F6E5 /* SystemConfiguration.framework in Frameworks */ = {isa = PBXBuildFile; fileRef = 399A7EE8174B73EF0006F6E5 /* SystemConfiguration.framework */; };
		399A7EEB174B73F80006F6E5 /* StoreKit.framework in Frameworks */ = {isa = PBXBuildFile; fileRef = 399A7EEA174B73F80006F6E5 /* StoreKit.framework */; };
		399A7EED174B740A0006F6E5 /* Security.framework in Frameworks */ = {isa = PBXBuildFile; fileRef = 399A7EEC174B740A0006F6E5 /* Security.framework */; };
		399A7EEF174B74240006F6E5 /* QuartzCore.framework in Frameworks */ = {isa = PBXBuildFile; fileRef = 399A7EEE174B74240006F6E5 /* QuartzCore.framework */; };
		399A7EF1174B742D0006F6E5 /* MobileCoreServices.framework in Frameworks */ = {isa = PBXBuildFile; fileRef = 399A7EF0174B742D0006F6E5 /* MobileCoreServices.framework */; };
		399A7EF3174B743C0006F6E5 /* CFNetwork.framework in Frameworks */ = {isa = PBXBuildFile; fileRef = 399A7EF2174B743C0006F6E5 /* CFNetwork.framework */; };
		399A7EF5174B74450006F6E5 /* AdSupport.framework in Frameworks */ = {isa = PBXBuildFile; fileRef = 399A7EF4174B74450006F6E5 /* AdSupport.framework */; };
		399A7EF7174B74C80006F6E5 /* Parse.framework in Frameworks */ = {isa = PBXBuildFile; fileRef = 399A7EF6174B74C80006F6E5 /* Parse.framework */; };
		39A08497174AA4BC006202BB /* tracking.plist in Resources */ = {isa = PBXBuildFile; fileRef = 39A08496174AA4BC006202BB /* tracking.plist */; };
		39A0849B174AA4C7006202BB /* userImage.jpg in Resources */ = {isa = PBXBuildFile; fileRef = 39A08498174AA4C7006202BB /* userImage.jpg */; };
		39A0849C174AA4C7006202BB /* userImage2.jpg in Resources */ = {isa = PBXBuildFile; fileRef = 39A08499174AA4C7006202BB /* userImage2.jpg */; };
		39A0849D174AA4C7006202BB /* userImage3.jpg in Resources */ = {isa = PBXBuildFile; fileRef = 39A0849A174AA4C7006202BB /* userImage3.jpg */; };
		39A084A1174AA59A006202BB /* cb_mono_on@2x.png in Resources */ = {isa = PBXBuildFile; fileRef = 39A0849F174AA59A006202BB /* cb_mono_on@2x.png */; };
		39A084A3174AA5AE006202BB /* cb_mono_off@2x.png in Resources */ = {isa = PBXBuildFile; fileRef = 39A084A2174AA5AE006202BB /* cb_mono_off@2x.png */; };
		39A084A6174AA881006202BB /* UGCheckButton.m in Sources */ = {isa = PBXBuildFile; fileRef = 39A084A5174AA881006202BB /* UGCheckButton.m */; };
		39A761351749448800DB2BEC /* UIKit.framework in Frameworks */ = {isa = PBXBuildFile; fileRef = 39A761341749448800DB2BEC /* UIKit.framework */; };
		39A761371749448800DB2BEC /* Foundation.framework in Frameworks */ = {isa = PBXBuildFile; fileRef = 39A761361749448800DB2BEC /* Foundation.framework */; };
		39A761391749448800DB2BEC /* CoreGraphics.framework in Frameworks */ = {isa = PBXBuildFile; fileRef = 39A761381749448800DB2BEC /* CoreGraphics.framework */; };
		39A7613F1749448800DB2BEC /* InfoPlist.strings in Resources */ = {isa = PBXBuildFile; fileRef = 39A7613D1749448800DB2BEC /* InfoPlist.strings */; };
		39A761411749448800DB2BEC /* main.m in Sources */ = {isa = PBXBuildFile; fileRef = 39A761401749448800DB2BEC /* main.m */; };
		39A761451749448800DB2BEC /* UGAppDelegate.m in Sources */ = {isa = PBXBuildFile; fileRef = 39A761441749448800DB2BEC /* UGAppDelegate.m */; };
		39A761471749448800DB2BEC /* Default.png in Resources */ = {isa = PBXBuildFile; fileRef = 39A761461749448800DB2BEC /* Default.png */; };
		39A761491749448800DB2BEC /* Default@2x.png in Resources */ = {isa = PBXBuildFile; fileRef = 39A761481749448800DB2BEC /* Default@2x.png */; };
		39A7614B1749448800DB2BEC /* Default-568h@2x.png in Resources */ = {isa = PBXBuildFile; fileRef = 39A7614A1749448800DB2BEC /* Default-568h@2x.png */; };
		39A7614E1749448800DB2BEC /* MainStoryboard.storyboard in Resources */ = {isa = PBXBuildFile; fileRef = 39A7614C1749448800DB2BEC /* MainStoryboard.storyboard */; };
		39A7616D1749462F00DB2BEC /* UGHomeTableViewController.m in Sources */ = {isa = PBXBuildFile; fileRef = 39A76159174944C800DB2BEC /* UGHomeTableViewController.m */; };
		39A7616E1749462F00DB2BEC /* UGImagePin.m in Sources */ = {isa = PBXBuildFile; fileRef = 39A7615B174944C800DB2BEC /* UGImagePin.m */; };
		39A7616F1749462F00DB2BEC /* UGMapViewController.m in Sources */ = {isa = PBXBuildFile; fileRef = 39A7615D174944C800DB2BEC /* UGMapViewController.m */; };
		39A761701749462F00DB2BEC /* AsyncImageView.m in Sources */ = {isa = PBXBuildFile; fileRef = 39A76162174944E200DB2BEC /* AsyncImageView.m */; };
		39A761711749462F00DB2BEC /* JSONKit.m in Sources */ = {isa = PBXBuildFile; fileRef = 39A76164174944E200DB2BEC /* JSONKit.m */; settings = {COMPILER_FLAGS = "-fno-objc-arc"; }; };
		39A761721749462F00DB2BEC /* UGDataSource.m in Sources */ = {isa = PBXBuildFile; fileRef = 39A76166174944E200DB2BEC /* UGDataSource.m */; };
		39A761731749462F00DB2BEC /* UGFriendCell.m in Sources */ = {isa = PBXBuildFile; fileRef = 39A76168174944E200DB2BEC /* UGFriendCell.m */; };
		39A761741749462F00DB2BEC /* UGFriendTableViewController.m in Sources */ = {isa = PBXBuildFile; fileRef = 39A7616A174944E200DB2BEC /* UGFriendTableViewController.m */; };
		39A761751749462F00DB2BEC /* UGHomeCell.m in Sources */ = {isa = PBXBuildFile; fileRef = 39A7616C174944E200DB2BEC /* UGHomeCell.m */; };
		39A761771749467D00DB2BEC /* Accounts.framework in Frameworks */ = {isa = PBXBuildFile; fileRef = 39A761761749467D00DB2BEC /* Accounts.framework */; };
		39A76179174946A800DB2BEC /* Social.framework in Frameworks */ = {isa = PBXBuildFile; fileRef = 39A76178174946A800DB2BEC /* Social.framework */; };
		39A7617B174946B000DB2BEC /* CoreLocation.framework in Frameworks */ = {isa = PBXBuildFile; fileRef = 39A7617A174946B000DB2BEC /* CoreLocation.framework */; };
		39A7617D174946B600DB2BEC /* MapKit.framework in Frameworks */ = {isa = PBXBuildFile; fileRef = 39A7617C174946B600DB2BEC /* MapKit.framework */; };
/* End PBXBuildFile section */

/* Begin PBXFileReference section */
		399A7EE6174B73E40006F6E5 /* AudioToolbox.framework */ = {isa = PBXFileReference; lastKnownFileType = wrapper.framework; name = AudioToolbox.framework; path = System/Library/Frameworks/AudioToolbox.framework; sourceTree = SDKROOT; };
		399A7EE8174B73EF0006F6E5 /* SystemConfiguration.framework */ = {isa = PBXFileReference; lastKnownFileType = wrapper.framework; name = SystemConfiguration.framework; path = System/Library/Frameworks/SystemConfiguration.framework; sourceTree = SDKROOT; };
		399A7EEA174B73F80006F6E5 /* StoreKit.framework */ = {isa = PBXFileReference; lastKnownFileType = wrapper.framework; name = StoreKit.framework; path = System/Library/Frameworks/StoreKit.framework; sourceTree = SDKROOT; };
		399A7EEC174B740A0006F6E5 /* Security.framework */ = {isa = PBXFileReference; lastKnownFileType = wrapper.framework; name = Security.framework; path = System/Library/Frameworks/Security.framework; sourceTree = SDKROOT; };
		399A7EEE174B74240006F6E5 /* QuartzCore.framework */ = {isa = PBXFileReference; lastKnownFileType = wrapper.framework; name = QuartzCore.framework; path = System/Library/Frameworks/QuartzCore.framework; sourceTree = SDKROOT; };
		399A7EF0174B742D0006F6E5 /* MobileCoreServices.framework */ = {isa = PBXFileReference; lastKnownFileType = wrapper.framework; name = MobileCoreServices.framework; path = System/Library/Frameworks/MobileCoreServices.framework; sourceTree = SDKROOT; };
		399A7EF2174B743C0006F6E5 /* CFNetwork.framework */ = {isa = PBXFileReference; lastKnownFileType = wrapper.framework; name = CFNetwork.framework; path = System/Library/Frameworks/CFNetwork.framework; sourceTree = SDKROOT; };
		399A7EF4174B74450006F6E5 /* AdSupport.framework */ = {isa = PBXFileReference; lastKnownFileType = wrapper.framework; name = AdSupport.framework; path = System/Library/Frameworks/AdSupport.framework; sourceTree = SDKROOT; };
		399A7EF6174B74C80006F6E5 /* Parse.framework */ = {isa = PBXFileReference; lastKnownFileType = wrapper.framework; path = Parse.framework; sourceTree = "<group>"; };
		39A08496174AA4BC006202BB /* tracking.plist */ = {isa = PBXFileReference; fileEncoding = 4; lastKnownFileType = text.plist.xml; path = tracking.plist; sourceTree = "<group>"; };
		39A08498174AA4C7006202BB /* userImage.jpg */ = {isa = PBXFileReference; lastKnownFileType = image.jpeg; path = userImage.jpg; sourceTree = "<group>"; };
		39A08499174AA4C7006202BB /* userImage2.jpg */ = {isa = PBXFileReference; lastKnownFileType = image.jpeg; path = userImage2.jpg; sourceTree = "<group>"; };
		39A0849A174AA4C7006202BB /* userImage3.jpg */ = {isa = PBXFileReference; lastKnownFileType = image.jpeg; path = userImage3.jpg; sourceTree = "<group>"; };
		39A0849F174AA59A006202BB /* cb_mono_on@2x.png */ = {isa = PBXFileReference; lastKnownFileType = image.png; path = "cb_mono_on@2x.png"; sourceTree = "<group>"; };
		39A084A2174AA5AE006202BB /* cb_mono_off@2x.png */ = {isa = PBXFileReference; lastKnownFileType = image.png; path = "cb_mono_off@2x.png"; sourceTree = "<group>"; };
		39A084A4174AA881006202BB /* UGCheckButton.h */ = {isa = PBXFileReference; fileEncoding = 4; lastKnownFileType = sourcecode.c.h; path = UGCheckButton.h; sourceTree = "<group>"; };
		39A084A5174AA881006202BB /* UGCheckButton.m */ = {isa = PBXFileReference; fileEncoding = 4; lastKnownFileType = sourcecode.c.objc; path = UGCheckButton.m; sourceTree = "<group>"; };
		39A761311749448800DB2BEC /* Tracking-Clock.app */ = {isa = PBXFileReference; explicitFileType = wrapper.application; includeInIndex = 0; path = "Tracking-Clock.app"; sourceTree = BUILT_PRODUCTS_DIR; };
		39A761341749448800DB2BEC /* UIKit.framework */ = {isa = PBXFileReference; lastKnownFileType = wrapper.framework; name = UIKit.framework; path = System/Library/Frameworks/UIKit.framework; sourceTree = SDKROOT; };
		39A761361749448800DB2BEC /* Foundation.framework */ = {isa = PBXFileReference; lastKnownFileType = wrapper.framework; name = Foundation.framework; path = System/Library/Frameworks/Foundation.framework; sourceTree = SDKROOT; };
		39A761381749448800DB2BEC /* CoreGraphics.framework */ = {isa = PBXFileReference; lastKnownFileType = wrapper.framework; name = CoreGraphics.framework; path = System/Library/Frameworks/CoreGraphics.framework; sourceTree = SDKROOT; };
		39A7613C1749448800DB2BEC /* Tracking-Clock-Info.plist */ = {isa = PBXFileReference; lastKnownFileType = text.plist.xml; path = "Tracking-Clock-Info.plist"; sourceTree = "<group>"; };
		39A7613E1749448800DB2BEC /* en */ = {isa = PBXFileReference; lastKnownFileType = text.plist.strings; name = en; path = en.lproj/InfoPlist.strings; sourceTree = "<group>"; };
		39A761401749448800DB2BEC /* main.m */ = {isa = PBXFileReference; lastKnownFileType = sourcecode.c.objc; path = main.m; sourceTree = "<group>"; };
		39A761421749448800DB2BEC /* Tracking-Clock-Prefix.pch */ = {isa = PBXFileReference; lastKnownFileType = sourcecode.c.h; path = "Tracking-Clock-Prefix.pch"; sourceTree = "<group>"; };
		39A761431749448800DB2BEC /* UGAppDelegate.h */ = {isa = PBXFileReference; lastKnownFileType = sourcecode.c.h; path = UGAppDelegate.h; sourceTree = "<group>"; };
		39A761441749448800DB2BEC /* UGAppDelegate.m */ = {isa = PBXFileReference; lastKnownFileType = sourcecode.c.objc; path = UGAppDelegate.m; sourceTree = "<group>"; };
		39A761461749448800DB2BEC /* Default.png */ = {isa = PBXFileReference; lastKnownFileType = image.png; path = Default.png; sourceTree = "<group>"; };
		39A761481749448800DB2BEC /* Default@2x.png */ = {isa = PBXFileReference; lastKnownFileType = image.png; path = "Default@2x.png"; sourceTree = "<group>"; };
		39A7614A1749448800DB2BEC /* Default-568h@2x.png */ = {isa = PBXFileReference; lastKnownFileType = image.png; path = "Default-568h@2x.png"; sourceTree = "<group>"; };
		39A7614D1749448800DB2BEC /* en */ = {isa = PBXFileReference; lastKnownFileType = file.storyboard; name = en; path = en.lproj/MainStoryboard.storyboard; sourceTree = "<group>"; };
		39A76158174944C800DB2BEC /* UGHomeTableViewController.h */ = {isa = PBXFileReference; lastKnownFileType = sourcecode.c.h; path = UGHomeTableViewController.h; sourceTree = "<group>"; };
		39A76159174944C800DB2BEC /* UGHomeTableViewController.m */ = {isa = PBXFileReference; lastKnownFileType = sourcecode.c.objc; path = UGHomeTableViewController.m; sourceTree = "<group>"; };
		39A7615A174944C800DB2BEC /* UGImagePin.h */ = {isa = PBXFileReference; lastKnownFileType = sourcecode.c.h; path = UGImagePin.h; sourceTree = "<group>"; };
		39A7615B174944C800DB2BEC /* UGImagePin.m */ = {isa = PBXFileReference; lastKnownFileType = sourcecode.c.objc; path = UGImagePin.m; sourceTree = "<group>"; };
		39A7615C174944C800DB2BEC /* UGMapViewController.h */ = {isa = PBXFileReference; lastKnownFileType = sourcecode.c.h; path = UGMapViewController.h; sourceTree = "<group>"; };
		39A7615D174944C800DB2BEC /* UGMapViewController.m */ = {isa = PBXFileReference; lastKnownFileType = sourcecode.c.objc; path = UGMapViewController.m; sourceTree = "<group>"; };
		39A76161174944E200DB2BEC /* AsyncImageView.h */ = {isa = PBXFileReference; lastKnownFileType = sourcecode.c.h; path = AsyncImageView.h; sourceTree = "<group>"; };
		39A76162174944E200DB2BEC /* AsyncImageView.m */ = {isa = PBXFileReference; lastKnownFileType = sourcecode.c.objc; path = AsyncImageView.m; sourceTree = "<group>"; };
		39A76163174944E200DB2BEC /* JSONKit.h */ = {isa = PBXFileReference; lastKnownFileType = sourcecode.c.h; path = JSONKit.h; sourceTree = "<group>"; };
		39A76164174944E200DB2BEC /* JSONKit.m */ = {isa = PBXFileReference; lastKnownFileType = sourcecode.c.objc; path = JSONKit.m; sourceTree = "<group>"; };
		39A76165174944E200DB2BEC /* UGDataSource.h */ = {isa = PBXFileReference; lastKnownFileType = sourcecode.c.h; path = UGDataSource.h; sourceTree = "<group>"; };
		39A76166174944E200DB2BEC /* UGDataSource.m */ = {isa = PBXFileReference; lastKnownFileType = sourcecode.c.objc; path = UGDataSource.m; sourceTree = "<group>"; };
		39A76167174944E200DB2BEC /* UGFriendCell.h */ = {isa = PBXFileReference; lastKnownFileType = sourcecode.c.h; path = UGFriendCell.h; sourceTree = "<group>"; };
		39A76168174944E200DB2BEC /* UGFriendCell.m */ = {isa = PBXFileReference; lastKnownFileType = sourcecode.c.objc; path = UGFriendCell.m; sourceTree = "<group>"; };
		39A76169174944E200DB2BEC /* UGFriendTableViewController.h */ = {isa = PBXFileReference; lastKnownFileType = sourcecode.c.h; path = UGFriendTableViewController.h; sourceTree = "<group>"; };
		39A7616A174944E200DB2BEC /* UGFriendTableViewController.m */ = {isa = PBXFileReference; lastKnownFileType = sourcecode.c.objc; path = UGFriendTableViewController.m; sourceTree = "<group>"; };
		39A7616B174944E200DB2BEC /* UGHomeCell.h */ = {isa = PBXFileReference; lastKnownFileType = sourcecode.c.h; path = UGHomeCell.h; sourceTree = "<group>"; };
		39A7616C174944E200DB2BEC /* UGHomeCell.m */ = {isa = PBXFileReference; lastKnownFileType = sourcecode.c.objc; path = UGHomeCell.m; sourceTree = "<group>"; };
		39A761761749467D00DB2BEC /* Accounts.framework */ = {isa = PBXFileReference; lastKnownFileType = wrapper.framework; name = Accounts.framework; path = System/Library/Frameworks/Accounts.framework; sourceTree = SDKROOT; };
		39A76178174946A800DB2BEC /* Social.framework */ = {isa = PBXFileReference; lastKnownFileType = wrapper.framework; name = Social.framework; path = System/Library/Frameworks/Social.framework; sourceTree = SDKROOT; };
		39A7617A174946B000DB2BEC /* CoreLocation.framework */ = {isa = PBXFileReference; lastKnownFileType = wrapper.framework; name = CoreLocation.framework; path = System/Library/Frameworks/CoreLocation.framework; sourceTree = SDKROOT; };
		39A7617C174946B600DB2BEC /* MapKit.framework */ = {isa = PBXFileReference; lastKnownFileType = wrapper.framework; name = MapKit.framework; path = System/Library/Frameworks/MapKit.framework; sourceTree = SDKROOT; };
/* End PBXFileReference section */

/* Begin PBXFrameworksBuildPhase section */
		39A7612E1749448800DB2BEC /* Frameworks */ = {
			isa = PBXFrameworksBuildPhase;
			buildActionMask = 2147483647;
			files = (
				399A7EF5174B74450006F6E5 /* AdSupport.framework in Frameworks */,
				399A7EF3174B743C0006F6E5 /* CFNetwork.framework in Frameworks */,
				399A7EF1174B742D0006F6E5 /* MobileCoreServices.framework in Frameworks */,
				399A7EEF174B74240006F6E5 /* QuartzCore.framework in Frameworks */,
				399A7EED174B740A0006F6E5 /* Security.framework in Frameworks */,
				399A7EEB174B73F80006F6E5 /* StoreKit.framework in Frameworks */,
				399A7EE9174B73EF0006F6E5 /* SystemConfiguration.framework in Frameworks */,
				399A7EE7174B73E40006F6E5 /* AudioToolbox.framework in Frameworks */,
				39A7617D174946B600DB2BEC /* MapKit.framework in Frameworks */,
				39A7617B174946B000DB2BEC /* CoreLocation.framework in Frameworks */,
				39A76179174946A800DB2BEC /* Social.framework in Frameworks */,
				39A761771749467D00DB2BEC /* Accounts.framework in Frameworks */,
				39A761351749448800DB2BEC /* UIKit.framework in Frameworks */,
				39A761371749448800DB2BEC /* Foundation.framework in Frameworks */,
				39A761391749448800DB2BEC /* CoreGraphics.framework in Frameworks */,
				399A7EF7174B74C80006F6E5 /* Parse.framework in Frameworks */,
			);
			runOnlyForDeploymentPostprocessing = 0;
		};
/* End PBXFrameworksBuildPhase section */

/* Begin PBXGroup section */
		39A08466174A902B006202BB /* Graphics */ = {
			isa = PBXGroup;
			children = (
				39A084A2174AA5AE006202BB /* cb_mono_off@2x.png */,
				39A0849F174AA59A006202BB /* cb_mono_on@2x.png */,
			);
			name = Graphics;
			sourceTree = "<group>";
		};
		39A761281749448800DB2BEC = {
			isa = PBXGroup;
			children = (
				39A7613A1749448800DB2BEC /* Tracking-Clock */,
				39A761331749448800DB2BEC /* Frameworks */,
				39A761321749448800DB2BEC /* Products */,
			);
			sourceTree = "<group>";
		};
		39A761321749448800DB2BEC /* Products */ = {
			isa = PBXGroup;
			children = (
				39A761311749448800DB2BEC /* Tracking-Clock.app */,
			);
			name = Products;
			sourceTree = "<group>";
		};
		39A761331749448800DB2BEC /* Frameworks */ = {
			isa = PBXGroup;
			children = (
				399A7EF6174B74C80006F6E5 /* Parse.framework */,
				399A7EF4174B74450006F6E5 /* AdSupport.framework */,
				399A7EF2174B743C0006F6E5 /* CFNetwork.framework */,
				399A7EF0174B742D0006F6E5 /* MobileCoreServices.framework */,
				399A7EEE174B74240006F6E5 /* QuartzCore.framework */,
				399A7EEC174B740A0006F6E5 /* Security.framework */,
				399A7EEA174B73F80006F6E5 /* StoreKit.framework */,
				399A7EE8174B73EF0006F6E5 /* SystemConfiguration.framework */,
				399A7EE6174B73E40006F6E5 /* AudioToolbox.framework */,
				39A7617C174946B600DB2BEC /* MapKit.framework */,
				39A7617A174946B000DB2BEC /* CoreLocation.framework */,
				39A76178174946A800DB2BEC /* Social.framework */,
				39A761761749467D00DB2BEC /* Accounts.framework */,
				39A761341749448800DB2BEC /* UIKit.framework */,
				39A761361749448800DB2BEC /* Foundation.framework */,
				39A761381749448800DB2BEC /* CoreGraphics.framework */,
			);
			name = Frameworks;
			sourceTree = "<group>";
		};
		39A7613A1749448800DB2BEC /* Tracking-Clock */ = {
			isa = PBXGroup;
			children = (
				39A761431749448800DB2BEC /* UGAppDelegate.h */,
				39A761441749448800DB2BEC /* UGAppDelegate.m */,
				39A7614C1749448800DB2BEC /* MainStoryboard.storyboard */,
				39A7615A174944C800DB2BEC /* UGImagePin.h */,
				39A7615B174944C800DB2BEC /* UGImagePin.m */,
				39A7615C174944C800DB2BEC /* UGMapViewController.h */,
				39A7615D174944C800DB2BEC /* UGMapViewController.m */,
				39A761821749472F00DB2BEC /* FriendTable */,
				39A761811749471700DB2BEC /* HomeTable */,
				39A76180174946FD00DB2BEC /* DataSource */,
				39A08466174A902B006202BB /* Graphics */,
				39A7617F174946EE00DB2BEC /* AsyncImageView */,
				39A7617E174946DC00DB2BEC /* JSONKit */,
				39A7613B1749448800DB2BEC /* Supporting Files */,
			);
			path = "Tracking-Clock";
			sourceTree = "<group>";
		};
		39A7613B1749448800DB2BEC /* Supporting Files */ = {
			isa = PBXGroup;
			children = (
				39A7613C1749448800DB2BEC /* Tracking-Clock-Info.plist */,
				39A7613D1749448800DB2BEC /* InfoPlist.strings */,
				39A761401749448800DB2BEC /* main.m */,
				39A761421749448800DB2BEC /* Tracking-Clock-Prefix.pch */,
				39A761461749448800DB2BEC /* Default.png */,
				39A761481749448800DB2BEC /* Default@2x.png */,
				39A7614A1749448800DB2BEC /* Default-568h@2x.png */,
			);
			name = "Supporting Files";
			sourceTree = "<group>";
		};
		39A7617E174946DC00DB2BEC /* JSONKit */ = {
			isa = PBXGroup;
			children = (
				39A76163174944E200DB2BEC /* JSONKit.h */,
				39A76164174944E200DB2BEC /* JSONKit.m */,
			);
			name = JSONKit;
			sourceTree = "<group>";
		};
		39A7617F174946EE00DB2BEC /* AsyncImageView */ = {
			isa = PBXGroup;
			children = (
				39A76161174944E200DB2BEC /* AsyncImageView.h */,
				39A76162174944E200DB2BEC /* AsyncImageView.m */,
			);
			name = AsyncImageView;
			sourceTree = "<group>";
		};
		39A76180174946FD00DB2BEC /* DataSource */ = {
			isa = PBXGroup;
			children = (
				39A08496174AA4BC006202BB /* tracking.plist */,
				39A08498174AA4C7006202BB /* userImage.jpg */,
				39A08499174AA4C7006202BB /* userImage2.jpg */,
				39A0849A174AA4C7006202BB /* userImage3.jpg */,
				39A76165174944E200DB2BEC /* UGDataSource.h */,
				39A76166174944E200DB2BEC /* UGDataSource.m */,
			);
			name = DataSource;
			sourceTree = "<group>";
		};
		39A761811749471700DB2BEC /* HomeTable */ = {
			isa = PBXGroup;
			children = (
				39A7616B174944E200DB2BEC /* UGHomeCell.h */,
				39A7616C174944E200DB2BEC /* UGHomeCell.m */,
				39A76158174944C800DB2BEC /* UGHomeTableViewController.h */,
				39A76159174944C800DB2BEC /* UGHomeTableViewController.m */,
			);
			name = HomeTable;
			sourceTree = "<group>";
		};
		39A761821749472F00DB2BEC /* FriendTable */ = {
			isa = PBXGroup;
			children = (
				39A084A4174AA881006202BB /* UGCheckButton.h */,
				39A084A5174AA881006202BB /* UGCheckButton.m */,
				39A76167174944E200DB2BEC /* UGFriendCell.h */,
				39A76168174944E200DB2BEC /* UGFriendCell.m */,
				39A76169174944E200DB2BEC /* UGFriendTableViewController.h */,
				39A7616A174944E200DB2BEC /* UGFriendTableViewController.m */,
			);
			name = FriendTable;
			sourceTree = "<group>";
		};
/* End PBXGroup section */

/* Begin PBXNativeTarget section */
		39A761301749448800DB2BEC /* Tracking-Clock */ = {
			isa = PBXNativeTarget;
			buildConfigurationList = 39A761541749448800DB2BEC /* Build configuration list for PBXNativeTarget "Tracking-Clock" */;
			buildPhases = (
				39A7612D1749448800DB2BEC /* Sources */,
				39A7612E1749448800DB2BEC /* Frameworks */,
				39A7612F1749448800DB2BEC /* Resources */,
			);
			buildRules = (
			);
			dependencies = (
			);
			name = "Tracking-Clock";
			productName = "Tracking-Clock";
			productReference = 39A761311749448800DB2BEC /* Tracking-Clock.app */;
			productType = "com.apple.product-type.application";
		};
/* End PBXNativeTarget section */

/* Begin PBXProject section */
		39A761291749448800DB2BEC /* Project object */ = {
			isa = PBXProject;
			attributes = {
				CLASSPREFIX = UG;
				LastUpgradeCheck = 0460;
				ORGANIZATIONNAME = nothinglo;
			};
			buildConfigurationList = 39A7612C1749448800DB2BEC /* Build configuration list for PBXProject "Tracking-Clock" */;
			compatibilityVersion = "Xcode 3.2";
			developmentRegion = English;
			hasScannedForEncodings = 0;
			knownRegions = (
				en,
			);
			mainGroup = 39A761281749448800DB2BEC;
			productRefGroup = 39A761321749448800DB2BEC /* Products */;
			projectDirPath = "";
			projectRoot = "";
			targets = (
				39A761301749448800DB2BEC /* Tracking-Clock */,
			);
		};
/* End PBXProject section */

/* Begin PBXResourcesBuildPhase section */
		39A7612F1749448800DB2BEC /* Resources */ = {
			isa = PBXResourcesBuildPhase;
			buildActionMask = 2147483647;
			files = (
				39A7613F1749448800DB2BEC /* InfoPlist.strings in Resources */,
				39A761471749448800DB2BEC /* Default.png in Resources */,
				39A761491749448800DB2BEC /* Default@2x.png in Resources */,
				39A7614B1749448800DB2BEC /* Default-568h@2x.png in Resources */,
				39A7614E1749448800DB2BEC /* MainStoryboard.storyboard in Resources */,
				39A08497174AA4BC006202BB /* tracking.plist in Resources */,
				39A0849B174AA4C7006202BB /* userImage.jpg in Resources */,
				39A0849C174AA4C7006202BB /* userImage2.jpg in Resources */,
				39A0849D174AA4C7006202BB /* userImage3.jpg in Resources */,
				39A084A1174AA59A006202BB /* cb_mono_on@2x.png in Resources */,
				39A084A3174AA5AE006202BB /* cb_mono_off@2x.png in Resources */,
			);
			runOnlyForDeploymentPostprocessing = 0;
		};
/* End PBXResourcesBuildPhase section */

/* Begin PBXSourcesBuildPhase section */
		39A7612D1749448800DB2BEC /* Sources */ = {
			isa = PBXSourcesBuildPhase;
			buildActionMask = 2147483647;
			files = (
				39A7616D1749462F00DB2BEC /* UGHomeTableViewController.m in Sources */,
				39A7616E1749462F00DB2BEC /* UGImagePin.m in Sources */,
				39A7616F1749462F00DB2BEC /* UGMapViewController.m in Sources */,
				39A761701749462F00DB2BEC /* AsyncImageView.m in Sources */,
				39A761711749462F00DB2BEC /* JSONKit.m in Sources */,
				39A761721749462F00DB2BEC /* UGDataSource.m in Sources */,
				39A761731749462F00DB2BEC /* UGFriendCell.m in Sources */,
				39A761741749462F00DB2BEC /* UGFriendTableViewController.m in Sources */,
				39A761751749462F00DB2BEC /* UGHomeCell.m in Sources */,
				39A761411749448800DB2BEC /* main.m in Sources */,
				39A761451749448800DB2BEC /* UGAppDelegate.m in Sources */,
				39A084A6174AA881006202BB /* UGCheckButton.m in Sources */,
			);
			runOnlyForDeploymentPostprocessing = 0;
		};
/* End PBXSourcesBuildPhase section */

/* Begin PBXVariantGroup section */
		39A7613D1749448800DB2BEC /* InfoPlist.strings */ = {
			isa = PBXVariantGroup;
			children = (
				39A7613E1749448800DB2BEC /* en */,
			);
			name = InfoPlist.strings;
			sourceTree = "<group>";
		};
		39A7614C1749448800DB2BEC /* MainStoryboard.storyboard */ = {
			isa = PBXVariantGroup;
			children = (
				39A7614D1749448800DB2BEC /* en */,
			);
			name = MainStoryboard.storyboard;
			sourceTree = "<group>";
		};
/* End PBXVariantGroup section */

/* Begin XCBuildConfiguration section */
		39A761521749448800DB2BEC /* Debug */ = {
			isa = XCBuildConfiguration;
			buildSettings = {
				ALWAYS_SEARCH_USER_PATHS = NO;
				CLANG_CXX_LANGUAGE_STANDARD = "gnu++0x";
				CLANG_CXX_LIBRARY = "libc++";
				CLANG_ENABLE_OBJC_ARC = YES;
				CLANG_WARN_CONSTANT_CONVERSION = YES;
				CLANG_WARN_EMPTY_BODY = YES;
				CLANG_WARN_ENUM_CONVERSION = YES;
				CLANG_WARN_INT_CONVERSION = YES;
				CLANG_WARN__DUPLICATE_METHOD_MATCH = YES;
				"CODE_SIGN_IDENTITY[sdk=iphoneos*]" = "iPhone Developer";
				COPY_PHASE_STRIP = NO;
				GCC_C_LANGUAGE_STANDARD = gnu99;
				GCC_DYNAMIC_NO_PIC = NO;
				GCC_OPTIMIZATION_LEVEL = 0;
				GCC_PREPROCESSOR_DEFINITIONS = (
					"DEBUG=1",
					"$(inherited)",
				);
				GCC_SYMBOLS_PRIVATE_EXTERN = NO;
				GCC_WARN_ABOUT_RETURN_TYPE = YES;
				GCC_WARN_UNINITIALIZED_AUTOS = YES;
				GCC_WARN_UNUSED_VARIABLE = YES;
				IPHONEOS_DEPLOYMENT_TARGET = 6.1;
				ONLY_ACTIVE_ARCH = YES;
				SDKROOT = iphoneos;
			};
			name = Debug;
		};
		39A761531749448800DB2BEC /* Release */ = {
			isa = XCBuildConfiguration;
			buildSettings = {
				ALWAYS_SEARCH_USER_PATHS = NO;
				CLANG_CXX_LANGUAGE_STANDARD = "gnu++0x";
				CLANG_CXX_LIBRARY = "libc++";
				CLANG_ENABLE_OBJC_ARC = YES;
				CLANG_WARN_CONSTANT_CONVERSION = YES;
				CLANG_WARN_EMPTY_BODY = YES;
				CLANG_WARN_ENUM_CONVERSION = YES;
				CLANG_WARN_INT_CONVERSION = YES;
				CLANG_WARN__DUPLICATE_METHOD_MATCH = YES;
				"CODE_SIGN_IDENTITY[sdk=iphoneos*]" = "iPhone Developer";
				COPY_PHASE_STRIP = YES;
				GCC_C_LANGUAGE_STANDARD = gnu99;
				GCC_WARN_ABOUT_RETURN_TYPE = YES;
				GCC_WARN_UNINITIALIZED_AUTOS = YES;
				GCC_WARN_UNUSED_VARIABLE = YES;
				IPHONEOS_DEPLOYMENT_TARGET = 6.1;
				OTHER_CFLAGS = "-DNS_BLOCK_ASSERTIONS=1";
				SDKROOT = iphoneos;
				VALIDATE_PRODUCT = YES;
			};
			name = Release;
		};
		39A761551749448800DB2BEC /* Debug */ = {
			isa = XCBuildConfiguration;
			buildSettings = {
				FRAMEWORK_SEARCH_PATHS = (
					"$(inherited)",
					"\"$(SRCROOT)\"",
				);
				GCC_PRECOMPILE_PREFIX_HEADER = YES;
				GCC_PREFIX_HEADER = "Tracking-Clock/Tracking-Clock-Prefix.pch";
				INFOPLIST_FILE = "Tracking-Clock/Tracking-Clock-Info.plist";
				PRODUCT_NAME = "$(TARGET_NAME)";
				WRAPPER_EXTENSION = app;
			};
			name = Debug;
		};
		39A761561749448800DB2BEC /* Release */ = {
			isa = XCBuildConfiguration;
			buildSettings = {
				FRAMEWORK_SEARCH_PATHS = (
					"$(inherited)",
					"\"$(SRCROOT)\"",
				);
				GCC_PRECOMPILE_PREFIX_HEADER = YES;
				GCC_PREFIX_HEADER = "Tracking-Clock/Tracking-Clock-Prefix.pch";
				INFOPLIST_FILE = "Tracking-Clock/Tracking-Clock-Info.plist";
				PRODUCT_NAME = "$(TARGET_NAME)";
				WRAPPER_EXTENSION = app;
			};
			name = Release;
		};
/* End XCBuildConfiguration section */

/* Begin XCConfigurationList section */
		39A7612C1749448800DB2BEC /* Build configuration list for PBXProject "Tracking-Clock" */ = {
			isa = XCConfigurationList;
			buildConfigurations = (
				39A761521749448800DB2BEC /* Debug */,
				39A761531749448800DB2BEC /* Release */,
			);
			defaultConfigurationIsVisible = 0;
			defaultConfigurationName = Release;
		};
		39A761541749448800DB2BEC /* Build configuration list for PBXNativeTarget "Tracking-Clock" */ = {
			isa = XCConfigurationList;
			buildConfigurations = (
				39A761551749448800DB2BEC /* Debug */,
				39A761561749448800DB2BEC /* Release */,
			);
			defaultConfigurationIsVisible = 0;
			defaultConfigurationName = Release;
		};
/* End XCConfigurationList section */
	};
	rootObject = 39A761291749448800DB2BEC /* Project object */;
}
